
Microsoft Visual Studio Solution File, Format Version 12.00
# Visual Studio 15
VisualStudioVersion = 15.0.28010.2036
MinimumVisualStudioVersion = 10.0.40219.1
Project("{FAE04EC0-301F-11D3-BF4B-00C04F79EFBC}") = "Minesweeper", "WindowsFormsApp1\Minesweeper.csproj", "{6047E67C-277F-4FE1-B853-7CA2F0330F57}"
EndProject
Global
	GlobalSection(SolutionConfigurationPlatforms) = preSolution
		Debug|Any CPU = Debug|Any CPU
		Release|Any CPU = Release|Any CPU
	EndGlobalSection
	GlobalSection(ProjectConfigurationPlatforms) = postSolution
		{6047E67C-277F-4FE1-B853-7CA2F0330F57}.Debug|Any CPU.ActiveCfg = Debug|Any CPU
		{6047E67C-277F-4FE1-B853-7CA2F0330F57}.Debug|Any CPU.Build.0 = Debug|Any CPU
		{6047E67C-277F-4FE1-B853-7CA2F0330F57}.Release|Any CPU.ActiveCfg = Release|Any CPU
		{6047E67C-277F-4FE1-B853-7CA2F0330F57}.Release|Any CPU.Build.0 = Release|Any CPU
	EndGlobalSection
	GlobalSection(SolutionProperties) = preSolution
		HideSolutionNode = FALSE
	EndGlobalSection
	GlobalSection(ExtensibilityGlobals) = postSolution
		SolutionGuid = {5C6537BC-580D-4B9B-B906-9A1F5EEBE145}
	EndGlobalSection
EndGlobal
